
Microsoft Visual Studio Solution File, Format Version 12.00
# Visual Studio 15
VisualStudioVersion = 15.0.27703.2047
MinimumVisualStudioVersion = 10.0.40219.1
Project("{FAE04EC0-301F-11D3-BF4B-00C04F79EFBC}") = "MyGame", "MyGame\MyGame.csproj", "{49418069-BBC5-4A1D-B157-95DBBE142EB3}"
EndProject
Project("{FAE04EC0-301F-11D3-BF4B-00C04F79EFBC}") = "MyGame.Tests", "MyGame.Tests\MyGame.Tests.csproj", "{A955A6B5-6758-463A-B022-1672C7D1206A}"
EndProject
Project("{FAE04EC0-301F-11D3-BF4B-00C04F79EFBC}") = "MyGame.DAL", "MyGame.DAL\MyGame.DAL.csproj", "{7EAEFE14-32F9-4116-8DB0-0315752FDEF7}"
EndProject
Project("{FAE04EC0-301F-11D3-BF4B-00C04F79EFBC}") = "MyGame.BLL", "MyGame.BLL\MyGame.BLL.csproj", "{33A97559-ED43-4960-89F9-A0A47583BD48}"
EndProject
Global
	GlobalSection(SolutionConfigurationPlatforms) = preSolution
		Debug|Any CPU = Debug|Any CPU
		Release|Any CPU = Release|Any CPU
	EndGlobalSection
	GlobalSection(ProjectConfigurationPlatforms) = postSolution
		{49418069-BBC5-4A1D-B157-95DBBE142EB3}.Debug|Any CPU.ActiveCfg = Debug|Any CPU
		{49418069-BBC5-4A1D-B157-95DBBE142EB3}.Debug|Any CPU.Build.0 = Debug|Any CPU
		{49418069-BBC5-4A1D-B157-95DBBE142EB3}.Release|Any CPU.ActiveCfg = Release|Any CPU
		{49418069-BBC5-4A1D-B157-95DBBE142EB3}.Release|Any CPU.Build.0 = Release|Any CPU
		{A955A6B5-6758-463A-B022-1672C7D1206A}.Debug|Any CPU.ActiveCfg = Debug|Any CPU
		{A955A6B5-6758-463A-B022-1672C7D1206A}.Debug|Any CPU.Build.0 = Debug|Any CPU
		{A955A6B5-6758-463A-B022-1672C7D1206A}.Release|Any CPU.ActiveCfg = Release|Any CPU
		{A955A6B5-6758-463A-B022-1672C7D1206A}.Release|Any CPU.Build.0 = Release|Any CPU
		{7EAEFE14-32F9-4116-8DB0-0315752FDEF7}.Debug|Any CPU.ActiveCfg = Debug|Any CPU
		{7EAEFE14-32F9-4116-8DB0-0315752FDEF7}.Debug|Any CPU.Build.0 = Debug|Any CPU
		{7EAEFE14-32F9-4116-8DB0-0315752FDEF7}.Release|Any CPU.ActiveCfg = Release|Any CPU
		{7EAEFE14-32F9-4116-8DB0-0315752FDEF7}.Release|Any CPU.Build.0 = Release|Any CPU
		{33A97559-ED43-4960-89F9-A0A47583BD48}.Debug|Any CPU.ActiveCfg = Debug|Any CPU
		{33A97559-ED43-4960-89F9-A0A47583BD48}.Debug|Any CPU.Build.0 = Debug|Any CPU
		{33A97559-ED43-4960-89F9-A0A47583BD48}.Release|Any CPU.ActiveCfg = Release|Any CPU
		{33A97559-ED43-4960-89F9-A0A47583BD48}.Release|Any CPU.Build.0 = Release|Any CPU
	EndGlobalSection
	GlobalSection(SolutionProperties) = preSolution
		HideSolutionNode = FALSE
	EndGlobalSection
	GlobalSection(ExtensibilityGlobals) = postSolution
		SolutionGuid = {7DB40AEE-C4E2-4CF7-9BB1-40367D04696B}
	EndGlobalSection
EndGlobal
